// !$*UTF8*$!
{
	archiveVersion = 1;
	classes = {
	};
	objectVersion = 46;
	objects = {

/* Begin PBXBuildFile section */
		158A869B1D2E99F4004EE55E /* ThumbnailsViewController.swift in Sources */ = {isa = PBXBuildFile; fileRef = 158A869A1D2E99F4004EE55E /* ThumbnailsViewController.swift */; };
		158A869C1D2EA753004EE55E /* ThumbnailsViewController.swift in Sources */ = {isa = PBXBuildFile; fileRef = 158A869A1D2E99F4004EE55E /* ThumbnailsViewController.swift */; };
		158A869E1D2EC8CC004EE55E /* ThumbnailsCell.swift in Sources */ = {isa = PBXBuildFile; fileRef = 158A869D1D2EC8CC004EE55E /* ThumbnailsCell.swift */; };
		158A869F1D2EC8CC004EE55E /* ThumbnailsCell.swift in Sources */ = {isa = PBXBuildFile; fileRef = 158A869D1D2EC8CC004EE55E /* ThumbnailsCell.swift */; };
		4CB66CD51C18772B002DB91F /* ImageViewerDismissTransition.swift in Sources */ = {isa = PBXBuildFile; fileRef = 4CB66CD41C18772B002DB91F /* ImageViewerDismissTransition.swift */; };
		4CB66CD61C18772B002DB91F /* ImageViewerDismissTransition.swift in Sources */ = {isa = PBXBuildFile; fileRef = 4CB66CD41C18772B002DB91F /* ImageViewerDismissTransition.swift */; };
		4CB66CD81C187F9C002DB91F /* ImageViewerSwipeToDismissTransition.swift in Sources */ = {isa = PBXBuildFile; fileRef = 4CB66CD71C187F9C002DB91F /* ImageViewerSwipeToDismissTransition.swift */; };
		4CB66CD91C187F9C002DB91F /* ImageViewerSwipeToDismissTransition.swift in Sources */ = {isa = PBXBuildFile; fileRef = 4CB66CD71C187F9C002DB91F /* ImageViewerSwipeToDismissTransition.swift */; };
		4CD1C4991C160651008D5F84 /* ImageViewerPresentTransition.swift in Sources */ = {isa = PBXBuildFile; fileRef = 4CD1C4981C160651008D5F84 /* ImageViewerPresentTransition.swift */; };
		4CD1C49A1C16099B008D5F84 /* ImageViewerPresentTransition.swift in Sources */ = {isa = PBXBuildFile; fileRef = 4CD1C4981C160651008D5F84 /* ImageViewerPresentTransition.swift */; };
		4CD1C49C1C16FF64008D5F84 /* CGPoint.swift in Sources */ = {isa = PBXBuildFile; fileRef = 4CD1C49B1C16FF64008D5F84 /* CGPoint.swift */; };
		4CD1C49D1C16FF64008D5F84 /* CGPoint.swift in Sources */ = {isa = PBXBuildFile; fileRef = 4CD1C49B1C16FF64008D5F84 /* CGPoint.swift */; };
		C7897CE51C1350B7006447FB /* AppDelegate.swift in Sources */ = {isa = PBXBuildFile; fileRef = C7897CE41C1350B7006447FB /* AppDelegate.swift */; };
		C7897CE71C1350B7006447FB /* ViewController.swift in Sources */ = {isa = PBXBuildFile; fileRef = C7897CE61C1350B7006447FB /* ViewController.swift */; };
		C7897CEA1C1350B7006447FB /* Main.storyboard in Resources */ = {isa = PBXBuildFile; fileRef = C7897CE81C1350B7006447FB /* Main.storyboard */; };
		C7897CEC1C1350B7006447FB /* Assets.xcassets in Resources */ = {isa = PBXBuildFile; fileRef = C7897CEB1C1350B7006447FB /* Assets.xcassets */; };
		C7897CEF1C1350B7006447FB /* LaunchScreen.storyboard in Resources */ = {isa = PBXBuildFile; fileRef = C7897CED1C1350B7006447FB /* LaunchScreen.storyboard */; };
		C7897CF41C1356C6006447FB /* ImageViewerController.swift in Sources */ = {isa = PBXBuildFile; fileRef = C7DABE651C12632F00F5BD7B /* ImageViewerController.swift */; };
		C7897CF61C1356C6006447FB /* CGSize.swift in Sources */ = {isa = PBXBuildFile; fileRef = C7DABE631C12276800F5BD7B /* CGSize.swift */; };
		C7DABE641C12276800F5BD7B /* CGSize.swift in Sources */ = {isa = PBXBuildFile; fileRef = C7DABE631C12276800F5BD7B /* CGSize.swift */; };
		C7DABE661C12632F00F5BD7B /* ImageViewerController.swift in Sources */ = {isa = PBXBuildFile; fileRef = C7DABE651C12632F00F5BD7B /* ImageViewerController.swift */; };
		EB1CEBE51C846DEF00BB27B8 /* GalleryViewController.swift in Sources */ = {isa = PBXBuildFile; fileRef = EBEBEF951C846847008C1E58 /* GalleryViewController.swift */; };
		EB1CEC161C84A4EE00BB27B8 /* AspectFitSizeFunctionTest.swift in Sources */ = {isa = PBXBuildFile; fileRef = EB1CEC151C84A4EE00BB27B8 /* AspectFitSizeFunctionTest.swift */; };
		EB1CEC181C84A4EE00BB27B8 /* ImageViewer.framework in Frameworks */ = {isa = PBXBuildFile; fileRef = C7DABE481C12245B00F5BD7B /* ImageViewer.framework */; };
		EB1CEC1F1C84A54600BB27B8 /* UtilityFunctions.swift in Sources */ = {isa = PBXBuildFile; fileRef = EB1CEC1E1C84A54600BB27B8 /* UtilityFunctions.swift */; };
		EB1CEC221C84A64100BB27B8 /* UIView.swift in Sources */ = {isa = PBXBuildFile; fileRef = EB1CEC211C84A64100BB27B8 /* UIView.swift */; };
		EB243F911C889F88006DEF58 /* GallerySwipeToDismissTransition.swift in Sources */ = {isa = PBXBuildFile; fileRef = EB243F901C889F88006DEF58 /* GallerySwipeToDismissTransition.swift */; };
		EB243F921C889F88006DEF58 /* GallerySwipeToDismissTransition.swift in Sources */ = {isa = PBXBuildFile; fileRef = EB243F901C889F88006DEF58 /* GallerySwipeToDismissTransition.swift */; };
		EB243F971C8996DF006DEF58 /* ImageViewControllerDelegate.swift in Sources */ = {isa = PBXBuildFile; fileRef = EB243F961C8996DF006DEF58 /* ImageViewControllerDelegate.swift */; };
		EB243F981C8996DF006DEF58 /* ImageViewControllerDelegate.swift in Sources */ = {isa = PBXBuildFile; fileRef = EB243F961C8996DF006DEF58 /* ImageViewControllerDelegate.swift */; };
		EB243F9A1C899F1C006DEF58 /* GalleryCloseTransition.swift in Sources */ = {isa = PBXBuildFile; fileRef = EB243F991C899F1C006DEF58 /* GalleryCloseTransition.swift */; };
		EB243F9B1C899F1C006DEF58 /* GalleryCloseTransition.swift in Sources */ = {isa = PBXBuildFile; fileRef = EB243F991C899F1C006DEF58 /* GalleryCloseTransition.swift */; };
		EB40C3731C9C5BF1004EA215 /* UIViewController.swift in Sources */ = {isa = PBXBuildFile; fileRef = EB40C3721C9C5BF1004EA215 /* UIViewController.swift */; };
		EB40C3741C9C5BF1004EA215 /* UIViewController.swift in Sources */ = {isa = PBXBuildFile; fileRef = EB40C3721C9C5BF1004EA215 /* UIViewController.swift */; };
		EB40C3771C9C5C48004EA215 /* ImageProvider.swift in Sources */ = {isa = PBXBuildFile; fileRef = EB40C3761C9C5C48004EA215 /* ImageProvider.swift */; };
		EB40C3781C9C5C48004EA215 /* ImageProvider.swift in Sources */ = {isa = PBXBuildFile; fileRef = EB40C3761C9C5C48004EA215 /* ImageProvider.swift */; };
		EB40C37D1C9C5E25004EA215 /* ImageViewerConfiguration.swift in Sources */ = {isa = PBXBuildFile; fileRef = EB40C37C1C9C5E25004EA215 /* ImageViewerConfiguration.swift */; };
		EB40C37E1C9C5E25004EA215 /* ImageViewerConfiguration.swift in Sources */ = {isa = PBXBuildFile; fileRef = EB40C37C1C9C5E25004EA215 /* ImageViewerConfiguration.swift */; };
		EB4DEBC01C84A6FD00D5F897 /* UIView.swift in Sources */ = {isa = PBXBuildFile; fileRef = EB1CEC211C84A64100BB27B8 /* UIView.swift */; };
		EB4DEBC11C84A8B400D5F897 /* UtilityFunctions.swift in Sources */ = {isa = PBXBuildFile; fileRef = EB1CEC1E1C84A54600BB27B8 /* UtilityFunctions.swift */; };
		EB5253F41C8DCE9800EAA4A4 /* CounterView.swift in Sources */ = {isa = PBXBuildFile; fileRef = EB5253F31C8DCE9800EAA4A4 /* CounterView.swift */; };
		EB6A56CA1C85A19000BBDEF6 /* ImageViewController.swift in Sources */ = {isa = PBXBuildFile; fileRef = EBEBEF931C84665B008C1E58 /* ImageViewController.swift */; };
		EB6A56CF1C85D4F500BBDEF6 /* GalleryViewControllerDatasource.swift in Sources */ = {isa = PBXBuildFile; fileRef = EB6A56CE1C85D4F500BBDEF6 /* GalleryViewControllerDatasource.swift */; };
		EB6A56D01C85D4F500BBDEF6 /* GalleryViewControllerDatasource.swift in Sources */ = {isa = PBXBuildFile; fileRef = EB6A56CE1C85D4F500BBDEF6 /* GalleryViewControllerDatasource.swift */; };
		EB7B7E4E1C8F240D006834F7 /* HeaderFooterLayout.swift in Sources */ = {isa = PBXBuildFile; fileRef = EB7B7E4D1C8F240D006834F7 /* HeaderFooterLayout.swift */; };
		EB7B7E4F1C8F260A006834F7 /* HeaderFooterLayout.swift in Sources */ = {isa = PBXBuildFile; fileRef = EB7B7E4D1C8F240D006834F7 /* HeaderFooterLayout.swift */; };
		EBA0A9531C89C653005B8DD3 /* GalleryConfiguration.swift in Sources */ = {isa = PBXBuildFile; fileRef = EBA0A9521C89C653005B8DD3 /* GalleryConfiguration.swift */; };
		EBA0A9541C89C653005B8DD3 /* GalleryConfiguration.swift in Sources */ = {isa = PBXBuildFile; fileRef = EBA0A9521C89C653005B8DD3 /* GalleryConfiguration.swift */; };
		EBA90E3F1C8729E2000AA697 /* GalleryPresentTransition.swift in Sources */ = {isa = PBXBuildFile; fileRef = EBA90E3E1C8729E2000AA697 /* GalleryPresentTransition.swift */; };
		EBA90E401C8729E2000AA697 /* GalleryPresentTransition.swift in Sources */ = {isa = PBXBuildFile; fileRef = EBA90E3E1C8729E2000AA697 /* GalleryPresentTransition.swift */; };
		EBA90E431C875225000AA697 /* ImageFadeInHandler.swift in Sources */ = {isa = PBXBuildFile; fileRef = EBA90E421C875225000AA697 /* ImageFadeInHandler.swift */; };
		EBA90E441C875225000AA697 /* ImageFadeInHandler.swift in Sources */ = {isa = PBXBuildFile; fileRef = EBA90E421C875225000AA697 /* ImageFadeInHandler.swift */; };
		EBB390031C8C692800CE1F71 /* ImageViewControllerFactory.swift in Sources */ = {isa = PBXBuildFile; fileRef = EBB390021C8C692800CE1F71 /* ImageViewControllerFactory.swift */; };
		EBB390041C8C692800CE1F71 /* ImageViewControllerFactory.swift in Sources */ = {isa = PBXBuildFile; fileRef = EBB390021C8C692800CE1F71 /* ImageViewControllerFactory.swift */; };
		EBEBEF941C84665B008C1E58 /* ImageViewController.swift in Sources */ = {isa = PBXBuildFile; fileRef = EBEBEF931C84665B008C1E58 /* ImageViewController.swift */; };
		EBEBEF961C846847008C1E58 /* GalleryViewController.swift in Sources */ = {isa = PBXBuildFile; fileRef = EBEBEF951C846847008C1E58 /* GalleryViewController.swift */; };
/* End PBXBuildFile section */

/* Begin PBXFileReference section */
		158A869A1D2E99F4004EE55E /* ThumbnailsViewController.swift */ = {isa = PBXFileReference; fileEncoding = 4; lastKnownFileType = sourcecode.swift; path = ThumbnailsViewController.swift; sourceTree = "<group>"; };
		158A869D1D2EC8CC004EE55E /* ThumbnailsCell.swift */ = {isa = PBXFileReference; fileEncoding = 4; lastKnownFileType = sourcecode.swift; path = ThumbnailsCell.swift; sourceTree = "<group>"; };
		4CB66CD41C18772B002DB91F /* ImageViewerDismissTransition.swift */ = {isa = PBXFileReference; fileEncoding = 4; lastKnownFileType = sourcecode.swift; path = ImageViewerDismissTransition.swift; sourceTree = "<group>"; };
		4CB66CD71C187F9C002DB91F /* ImageViewerSwipeToDismissTransition.swift */ = {isa = PBXFileReference; fileEncoding = 4; lastKnownFileType = sourcecode.swift; path = ImageViewerSwipeToDismissTransition.swift; sourceTree = "<group>"; };
		4CD1C4981C160651008D5F84 /* ImageViewerPresentTransition.swift */ = {isa = PBXFileReference; fileEncoding = 4; lastKnownFileType = sourcecode.swift; path = ImageViewerPresentTransition.swift; sourceTree = "<group>"; };
		4CD1C49B1C16FF64008D5F84 /* CGPoint.swift */ = {isa = PBXFileReference; fileEncoding = 4; lastKnownFileType = sourcecode.swift; path = CGPoint.swift; sourceTree = "<group>"; };
		C7897CE21C1350B7006447FB /* Example.app */ = {isa = PBXFileReference; explicitFileType = wrapper.application; includeInIndex = 0; path = Example.app; sourceTree = BUILT_PRODUCTS_DIR; };
		C7897CE41C1350B7006447FB /* AppDelegate.swift */ = {isa = PBXFileReference; lastKnownFileType = sourcecode.swift; path = AppDelegate.swift; sourceTree = "<group>"; };
		C7897CE61C1350B7006447FB /* ViewController.swift */ = {isa = PBXFileReference; lastKnownFileType = sourcecode.swift; path = ViewController.swift; sourceTree = "<group>"; };
		C7897CE91C1350B7006447FB /* Base */ = {isa = PBXFileReference; lastKnownFileType = file.storyboard; name = Base; path = Base.lproj/Main.storyboard; sourceTree = "<group>"; };
		C7897CEB1C1350B7006447FB /* Assets.xcassets */ = {isa = PBXFileReference; lastKnownFileType = folder.assetcatalog; path = Assets.xcassets; sourceTree = "<group>"; };
		C7897CEE1C1350B7006447FB /* Base */ = {isa = PBXFileReference; lastKnownFileType = file.storyboard; name = Base; path = Base.lproj/LaunchScreen.storyboard; sourceTree = "<group>"; };
		C7897CF01C1350B7006447FB /* Info.plist */ = {isa = PBXFileReference; lastKnownFileType = text.plist.xml; path = Info.plist; sourceTree = "<group>"; };
		C7DABE481C12245B00F5BD7B /* ImageViewer.framework */ = {isa = PBXFileReference; explicitFileType = wrapper.framework; includeInIndex = 0; path = ImageViewer.framework; sourceTree = BUILT_PRODUCTS_DIR; };
		C7DABE551C12248600F5BD7B /* Info.plist */ = {isa = PBXFileReference; fileEncoding = 4; lastKnownFileType = text.plist.xml; path = Info.plist; sourceTree = "<group>"; };
		C7DABE631C12276800F5BD7B /* CGSize.swift */ = {isa = PBXFileReference; fileEncoding = 4; lastKnownFileType = sourcecode.swift; path = CGSize.swift; sourceTree = "<group>"; };
		C7DABE651C12632F00F5BD7B /* ImageViewerController.swift */ = {isa = PBXFileReference; fileEncoding = 4; lastKnownFileType = sourcecode.swift; path = ImageViewerController.swift; sourceTree = "<group>"; };
		EB1CEC131C84A4EE00BB27B8 /* ImageViewerTests.xctest */ = {isa = PBXFileReference; explicitFileType = wrapper.cfbundle; includeInIndex = 0; path = ImageViewerTests.xctest; sourceTree = BUILT_PRODUCTS_DIR; };
		EB1CEC151C84A4EE00BB27B8 /* AspectFitSizeFunctionTest.swift */ = {isa = PBXFileReference; lastKnownFileType = sourcecode.swift; path = AspectFitSizeFunctionTest.swift; sourceTree = "<group>"; };
		EB1CEC171C84A4EE00BB27B8 /* Info.plist */ = {isa = PBXFileReference; lastKnownFileType = text.plist.xml; path = Info.plist; sourceTree = "<group>"; };
		EB1CEC1E1C84A54600BB27B8 /* UtilityFunctions.swift */ = {isa = PBXFileReference; fileEncoding = 4; lastKnownFileType = sourcecode.swift; path = UtilityFunctions.swift; sourceTree = "<group>"; };
		EB1CEC211C84A64100BB27B8 /* UIView.swift */ = {isa = PBXFileReference; fileEncoding = 4; lastKnownFileType = sourcecode.swift; path = UIView.swift; sourceTree = "<group>"; };
		EB243F901C889F88006DEF58 /* GallerySwipeToDismissTransition.swift */ = {isa = PBXFileReference; fileEncoding = 4; lastKnownFileType = sourcecode.swift; path = GallerySwipeToDismissTransition.swift; sourceTree = "<group>"; };
		EB243F961C8996DF006DEF58 /* ImageViewControllerDelegate.swift */ = {isa = PBXFileReference; fileEncoding = 4; lastKnownFileType = sourcecode.swift; path = ImageViewControllerDelegate.swift; sourceTree = "<group>"; };
		EB243F991C899F1C006DEF58 /* GalleryCloseTransition.swift */ = {isa = PBXFileReference; fileEncoding = 4; lastKnownFileType = sourcecode.swift; path = GalleryCloseTransition.swift; sourceTree = "<group>"; };
		EB40C3721C9C5BF1004EA215 /* UIViewController.swift */ = {isa = PBXFileReference; fileEncoding = 4; lastKnownFileType = sourcecode.swift; path = UIViewController.swift; sourceTree = "<group>"; };
		EB40C3761C9C5C48004EA215 /* ImageProvider.swift */ = {isa = PBXFileReference; fileEncoding = 4; lastKnownFileType = sourcecode.swift; path = ImageProvider.swift; sourceTree = "<group>"; };
		EB40C37C1C9C5E25004EA215 /* ImageViewerConfiguration.swift */ = {isa = PBXFileReference; fileEncoding = 4; lastKnownFileType = sourcecode.swift; path = ImageViewerConfiguration.swift; sourceTree = "<group>"; };
		EB5253F31C8DCE9800EAA4A4 /* CounterView.swift */ = {isa = PBXFileReference; fileEncoding = 4; lastKnownFileType = sourcecode.swift; path = CounterView.swift; sourceTree = "<group>"; };
		EB6A56CE1C85D4F500BBDEF6 /* GalleryViewControllerDatasource.swift */ = {isa = PBXFileReference; fileEncoding = 4; lastKnownFileType = sourcecode.swift; path = GalleryViewControllerDatasource.swift; sourceTree = "<group>"; };
		EB7B7E4D1C8F240D006834F7 /* HeaderFooterLayout.swift */ = {isa = PBXFileReference; fileEncoding = 4; lastKnownFileType = sourcecode.swift; path = HeaderFooterLayout.swift; sourceTree = "<group>"; };
		EBA0A9521C89C653005B8DD3 /* GalleryConfiguration.swift */ = {isa = PBXFileReference; fileEncoding = 4; lastKnownFileType = sourcecode.swift; path = GalleryConfiguration.swift; sourceTree = "<group>"; };
		EBA90E3E1C8729E2000AA697 /* GalleryPresentTransition.swift */ = {isa = PBXFileReference; fileEncoding = 4; lastKnownFileType = sourcecode.swift; name = GalleryPresentTransition.swift; path = ImageViewer/GalleryPresentTransition.swift; sourceTree = "<group>"; };
		EBA90E421C875225000AA697 /* ImageFadeInHandler.swift */ = {isa = PBXFileReference; fileEncoding = 4; lastKnownFileType = sourcecode.swift; path = ImageFadeInHandler.swift; sourceTree = "<group>"; };
		EBB390021C8C692800CE1F71 /* ImageViewControllerFactory.swift */ = {isa = PBXFileReference; fileEncoding = 4; lastKnownFileType = sourcecode.swift; path = ImageViewControllerFactory.swift; sourceTree = "<group>"; };
		EBEBEF931C84665B008C1E58 /* ImageViewController.swift */ = {isa = PBXFileReference; fileEncoding = 4; lastKnownFileType = sourcecode.swift; path = ImageViewController.swift; sourceTree = "<group>"; };
		EBEBEF951C846847008C1E58 /* GalleryViewController.swift */ = {isa = PBXFileReference; fileEncoding = 4; lastKnownFileType = sourcecode.swift; path = GalleryViewController.swift; sourceTree = "<group>"; };
/* End PBXFileReference section */

/* Begin PBXFrameworksBuildPhase section */
		C7897CDF1C1350B7006447FB /* Frameworks */ = {
			isa = PBXFrameworksBuildPhase;
			buildActionMask = 2147483647;
			files = (
			);
			runOnlyForDeploymentPostprocessing = 0;
		};
		C7DABE441C12245B00F5BD7B /* Frameworks */ = {
			isa = PBXFrameworksBuildPhase;
			buildActionMask = 2147483647;
			files = (
			);
			runOnlyForDeploymentPostprocessing = 0;
		};
		EB1CEC101C84A4EE00BB27B8 /* Frameworks */ = {
			isa = PBXFrameworksBuildPhase;
			buildActionMask = 2147483647;
			files = (
				EB1CEC181C84A4EE00BB27B8 /* ImageViewer.framework in Frameworks */,
			);
			runOnlyForDeploymentPostprocessing = 0;
		};
/* End PBXFrameworksBuildPhase section */

/* Begin PBXGroup section */
		C7897CE31C1350B7006447FB /* Example */ = {
			isa = PBXGroup;
			children = (
				C7897CE41C1350B7006447FB /* AppDelegate.swift */,
				C7897CE61C1350B7006447FB /* ViewController.swift */,
				EB5253F31C8DCE9800EAA4A4 /* CounterView.swift */,
				C7897CE81C1350B7006447FB /* Main.storyboard */,
				C7897CEB1C1350B7006447FB /* Assets.xcassets */,
				C7897CED1C1350B7006447FB /* LaunchScreen.storyboard */,
				C7897CF01C1350B7006447FB /* Info.plist */,
			);
			path = Example;
			sourceTree = "<group>";
		};
		C7DABE3E1C12245B00F5BD7B = {
			isa = PBXGroup;
			children = (
				C7897CE31C1350B7006447FB /* Example */,
				C7DABE4A1C12245B00F5BD7B /* ImageViewer */,
				EB1CEC141C84A4EE00BB27B8 /* ImageViewerTests */,
				C7DABE491C12245B00F5BD7B /* Products */,
			);
			sourceTree = "<group>";
		};
		C7DABE491C12245B00F5BD7B /* Products */ = {
			isa = PBXGroup;
			children = (
				C7DABE481C12245B00F5BD7B /* ImageViewer.framework */,
				C7897CE21C1350B7006447FB /* Example.app */,
				EB1CEC131C84A4EE00BB27B8 /* ImageViewerTests.xctest */,
			);
			name = Products;
			sourceTree = "<group>";
		};
		C7DABE4A1C12245B00F5BD7B /* ImageViewer */ = {
			isa = PBXGroup;
			children = (
				C7DABE581C1224EA00F5BD7B /* Source */,
				C7DABE531C12248600F5BD7B /* Supporting Files */,
			);
			path = ImageViewer;
			sourceTree = "<group>";
		};
		C7DABE531C12248600F5BD7B /* Supporting Files */ = {
			isa = PBXGroup;
			children = (
				C7DABE551C12248600F5BD7B /* Info.plist */,
			);
			path = "Supporting Files";
			sourceTree = "<group>";
		};
		C7DABE581C1224EA00F5BD7B /* Source */ = {
			isa = PBXGroup;
			children = (
				EB1F6E1A1C908E210046A7FB /* Gallery */,
				C7DABE5E1C12275C00F5BD7B /* ImageViewer */,
				EB40C3751C9C5C30004EA215 /* Protocols */,
				C7DABE5D1C12275C00F5BD7B /* Extensions */,
			);
			path = Source;
			sourceTree = "<group>";
		};
		C7DABE5D1C12275C00F5BD7B /* Extensions */ = {
			isa = PBXGroup;
			children = (
				C7DABE631C12276800F5BD7B /* CGSize.swift */,
				4CD1C49B1C16FF64008D5F84 /* CGPoint.swift */,
				EB1CEC211C84A64100BB27B8 /* UIView.swift */,
				EB40C3721C9C5BF1004EA215 /* UIViewController.swift */,
			);
			path = Extensions;
			sourceTree = "<group>";
		};
		C7DABE5E1C12275C00F5BD7B /* ImageViewer */ = {
			isa = PBXGroup;
			children = (
				EB40C37B1C9C5C81004EA215 /* Configuration */,
				EB40C37A1C9C5C7A004EA215 /* Controller */,
				EB40C3791C9C5C70004EA215 /* Transitions */,
			);
			path = ImageViewer;
			sourceTree = "<group>";
		};
		EB1CEC141C84A4EE00BB27B8 /* ImageViewerTests */ = {
			isa = PBXGroup;
			children = (
				EB1CEC151C84A4EE00BB27B8 /* AspectFitSizeFunctionTest.swift */,
				EB1CEC171C84A4EE00BB27B8 /* Info.plist */,
			);
			path = ImageViewerTests;
			sourceTree = "<group>";
		};
		EB1F6E151C908DB70046A7FB /* Delegates */ = {
			isa = PBXGroup;
			children = (
				EBA90E421C875225000AA697 /* ImageFadeInHandler.swift */,
				EB6A56CE1C85D4F500BBDEF6 /* GalleryViewControllerDatasource.swift */,
			);
			name = Delegates;
			sourceTree = "<group>";
		};
		EB1F6E171C908DD30046A7FB /* Controller */ = {
			isa = PBXGroup;
			children = (
				EBEBEF951C846847008C1E58 /* GalleryViewController.swift */,
				158A869A1D2E99F4004EE55E /* ThumbnailsViewController.swift */,
			);
			name = Controller;
			sourceTree = "<group>";
		};
		EB1F6E181C908DDF0046A7FB /* Configuration */ = {
			isa = PBXGroup;
			children = (
				EBA0A9521C89C653005B8DD3 /* GalleryConfiguration.swift */,
			);
			name = Configuration;
			sourceTree = "<group>";
		};
		EB1F6E191C908DEB0046A7FB /* Layout */ = {
			isa = PBXGroup;
			children = (
				EB7B7E4D1C8F240D006834F7 /* HeaderFooterLayout.swift */,
				158A869D1D2EC8CC004EE55E /* ThumbnailsCell.swift */,
			);
			name = Layout;
			sourceTree = "<group>";
		};
		EB1F6E1A1C908E210046A7FB /* Gallery */ = {
			isa = PBXGroup;
			children = (
				EBEBEF901C84578E008C1E58 /* Page Controller */,
				EB6A56D21C85E41700BBDEF6 /* Image Controller */,
			);
			name = Gallery;
			sourceTree = "<group>";
		};
		EB40C3751C9C5C30004EA215 /* Protocols */ = {
			isa = PBXGroup;
			children = (
				EB40C3761C9C5C48004EA215 /* ImageProvider.swift */,
			);
			name = Protocols;
			sourceTree = "<group>";
		};
		EB40C3791C9C5C70004EA215 /* Transitions */ = {
			isa = PBXGroup;
			children = (
				4CD1C4981C160651008D5F84 /* ImageViewerPresentTransition.swift */,
				4CB66CD41C18772B002DB91F /* ImageViewerDismissTransition.swift */,
				4CB66CD71C187F9C002DB91F /* ImageViewerSwipeToDismissTransition.swift */,
			);
			name = Transitions;
			sourceTree = "<group>";
		};
		EB40C37A1C9C5C7A004EA215 /* Controller */ = {
			isa = PBXGroup;
			children = (
				C7DABE651C12632F00F5BD7B /* ImageViewerController.swift */,
			);
			name = Controller;
			sourceTree = "<group>";
		};
		EB40C37B1C9C5C81004EA215 /* Configuration */ = {
			isa = PBXGroup;
			children = (
				EB40C37C1C9C5E25004EA215 /* ImageViewerConfiguration.swift */,
			);
			name = Configuration;
			sourceTree = "<group>";
		};
		EB6A56D21C85E41700BBDEF6 /* Image Controller */ = {
			isa = PBXGroup;
			children = (
				EBEBEF931C84665B008C1E58 /* ImageViewController.swift */,
				EBB390021C8C692800CE1F71 /* ImageViewControllerFactory.swift */,
				EB243F961C8996DF006DEF58 /* ImageViewControllerDelegate.swift */,
			);
			name = "Image Controller";
			sourceTree = "<group>";
		};
		EBA90E411C8729EB000AA697 /* Transitions */ = {
			isa = PBXGroup;
			children = (
				EBA90E3E1C8729E2000AA697 /* GalleryPresentTransition.swift */,
				EB243F991C899F1C006DEF58 /* GalleryCloseTransition.swift */,
				EB243F901C889F88006DEF58 /* GallerySwipeToDismissTransition.swift */,
			);
			name = Transitions;
			sourceTree = "<group>";
		};
		EBEBEF901C84578E008C1E58 /* Page Controller */ = {
			isa = PBXGroup;
			children = (
				EBA90E411C8729EB000AA697 /* Transitions */,
				EB1F6E181C908DDF0046A7FB /* Configuration */,
				EB1F6E171C908DD30046A7FB /* Controller */,
				EB1F6E151C908DB70046A7FB /* Delegates */,
				EB1F6E191C908DEB0046A7FB /* Layout */,
				EB1CEC1E1C84A54600BB27B8 /* UtilityFunctions.swift */,
			);
			name = "Page Controller";
			sourceTree = "<group>";
		};
/* End PBXGroup section */

/* Begin PBXHeadersBuildPhase section */
		C7DABE451C12245B00F5BD7B /* Headers */ = {
			isa = PBXHeadersBuildPhase;
			buildActionMask = 2147483647;
			files = (
			);
			runOnlyForDeploymentPostprocessing = 0;
		};
/* End PBXHeadersBuildPhase section */

/* Begin PBXNativeTarget section */
		C7897CE11C1350B7006447FB /* Example */ = {
			isa = PBXNativeTarget;
			buildConfigurationList = C7897CF31C1350B7006447FB /* Build configuration list for PBXNativeTarget "Example" */;
			buildPhases = (
				C7897CDE1C1350B7006447FB /* Sources */,
				C7897CDF1C1350B7006447FB /* Frameworks */,
				C7897CE01C1350B7006447FB /* Resources */,
			);
			buildRules = (
			);
			dependencies = (
			);
			name = Example;
			productName = Example;
			productReference = C7897CE21C1350B7006447FB /* Example.app */;
			productType = "com.apple.product-type.application";
		};
		C7DABE471C12245B00F5BD7B /* ImageViewer */ = {
			isa = PBXNativeTarget;
			buildConfigurationList = C7DABE501C12245B00F5BD7B /* Build configuration list for PBXNativeTarget "ImageViewer" */;
			buildPhases = (
				C7DABE431C12245B00F5BD7B /* Sources */,
				C7DABE441C12245B00F5BD7B /* Frameworks */,
				C7DABE451C12245B00F5BD7B /* Headers */,
				C7DABE461C12245B00F5BD7B /* Resources */,
			);
			buildRules = (
			);
			dependencies = (
			);
			name = ImageViewer;
			productName = ImageViewer;
			productReference = C7DABE481C12245B00F5BD7B /* ImageViewer.framework */;
			productType = "com.apple.product-type.framework";
		};
		EB1CEC121C84A4EE00BB27B8 /* ImageViewerTests */ = {
			isa = PBXNativeTarget;
			buildConfigurationList = EB1CEC1D1C84A4EE00BB27B8 /* Build configuration list for PBXNativeTarget "ImageViewerTests" */;
			buildPhases = (
				EB1CEC0F1C84A4EE00BB27B8 /* Sources */,
				EB1CEC101C84A4EE00BB27B8 /* Frameworks */,
				EB1CEC111C84A4EE00BB27B8 /* Resources */,
			);
			buildRules = (
			);
			dependencies = (
			);
			name = ImageViewerTests;
			productName = ImageViewerTests;
			productReference = EB1CEC131C84A4EE00BB27B8 /* ImageViewerTests.xctest */;
			productType = "com.apple.product-type.bundle.unit-test";
		};
/* End PBXNativeTarget section */

/* Begin PBXProject section */
		C7DABE3F1C12245B00F5BD7B /* Project object */ = {
			isa = PBXProject;
			attributes = {
				LastSwiftUpdateCheck = 0720;
				LastUpgradeCheck = 0710;
				ORGANIZATIONNAME = MailOnline;
				TargetAttributes = {
					C7897CE11C1350B7006447FB = {
						CreatedOnToolsVersion = 7.1.1;
					};
					C7DABE471C12245B00F5BD7B = {
						CreatedOnToolsVersion = 7.1.1;
					};
					EB1CEC121C84A4EE00BB27B8 = {
						CreatedOnToolsVersion = 7.2.1;
					};
				};
			};
			buildConfigurationList = C7DABE421C12245B00F5BD7B /* Build configuration list for PBXProject "ImageViewer" */;
			compatibilityVersion = "Xcode 3.2";
			developmentRegion = English;
			hasScannedForEncodings = 0;
			knownRegions = (
				en,
				Base,
			);
			mainGroup = C7DABE3E1C12245B00F5BD7B;
			productRefGroup = C7DABE491C12245B00F5BD7B /* Products */;
			projectDirPath = "";
			projectRoot = "";
			targets = (
				C7897CE11C1350B7006447FB /* Example */,
				C7DABE471C12245B00F5BD7B /* ImageViewer */,
				EB1CEC121C84A4EE00BB27B8 /* ImageViewerTests */,
			);
		};
/* End PBXProject section */

/* Begin PBXResourcesBuildPhase section */
		C7897CE01C1350B7006447FB /* Resources */ = {
			isa = PBXResourcesBuildPhase;
			buildActionMask = 2147483647;
			files = (
				C7897CEF1C1350B7006447FB /* LaunchScreen.storyboard in Resources */,
				C7897CEC1C1350B7006447FB /* Assets.xcassets in Resources */,
				C7897CEA1C1350B7006447FB /* Main.storyboard in Resources */,
			);
			runOnlyForDeploymentPostprocessing = 0;
		};
		C7DABE461C12245B00F5BD7B /* Resources */ = {
			isa = PBXResourcesBuildPhase;
			buildActionMask = 2147483647;
			files = (
			);
			runOnlyForDeploymentPostprocessing = 0;
		};
		EB1CEC111C84A4EE00BB27B8 /* Resources */ = {
			isa = PBXResourcesBuildPhase;
			buildActionMask = 2147483647;
			files = (
			);
			runOnlyForDeploymentPostprocessing = 0;
		};
/* End PBXResourcesBuildPhase section */

/* Begin PBXSourcesBuildPhase section */
		C7897CDE1C1350B7006447FB /* Sources */ = {
			isa = PBXSourcesBuildPhase;
			buildActionMask = 2147483647;
			files = (
				EB243F9A1C899F1C006DEF58 /* GalleryCloseTransition.swift in Sources */,
				EBA90E3F1C8729E2000AA697 /* GalleryPresentTransition.swift in Sources */,
				C7897CF61C1356C6006447FB /* CGSize.swift in Sources */,
				4CB66CD51C18772B002DB91F /* ImageViewerDismissTransition.swift in Sources */,
				EB4DEBC11C84A8B400D5F897 /* UtilityFunctions.swift in Sources */,
				EBA0A9531C89C653005B8DD3 /* GalleryConfiguration.swift in Sources */,
				EB40C3731C9C5BF1004EA215 /* UIViewController.swift in Sources */,
				EB5253F41C8DCE9800EAA4A4 /* CounterView.swift in Sources */,
				C7897CF41C1356C6006447FB /* ImageViewerController.swift in Sources */,
				158A869C1D2EA753004EE55E /* ThumbnailsViewController.swift in Sources */,
				4CB66CD81C187F9C002DB91F /* ImageViewerSwipeToDismissTransition.swift in Sources */,
				EB7B7E4F1C8F260A006834F7 /* HeaderFooterLayout.swift in Sources */,
				EB1CEBE51C846DEF00BB27B8 /* GalleryViewController.swift in Sources */,
				EB6A56CA1C85A19000BBDEF6 /* ImageViewController.swift in Sources */,
				EB243F971C8996DF006DEF58 /* ImageViewControllerDelegate.swift in Sources */,
				C7897CE71C1350B7006447FB /* ViewController.swift in Sources */,
				4CD1C49A1C16099B008D5F84 /* ImageViewerPresentTransition.swift in Sources */,
				EBA90E431C875225000AA697 /* ImageFadeInHandler.swift in Sources */,
				158A869E1D2EC8CC004EE55E /* ThumbnailsCell.swift in Sources */,
				4CD1C49C1C16FF64008D5F84 /* CGPoint.swift in Sources */,
				EBB390031C8C692800CE1F71 /* ImageViewControllerFactory.swift in Sources */,
				EB4DEBC01C84A6FD00D5F897 /* UIView.swift in Sources */,
				EB40C37D1C9C5E25004EA215 /* ImageViewerConfiguration.swift in Sources */,
				EB40C3771C9C5C48004EA215 /* ImageProvider.swift in Sources */,
				EB243F911C889F88006DEF58 /* GallerySwipeToDismissTransition.swift in Sources */,
				EB6A56CF1C85D4F500BBDEF6 /* GalleryViewControllerDatasource.swift in Sources */,
				C7897CE51C1350B7006447FB /* AppDelegate.swift in Sources */,
			);
			runOnlyForDeploymentPostprocessing = 0;
		};
		C7DABE431C12245B00F5BD7B /* Sources */ = {
			isa = PBXSourcesBuildPhase;
			buildActionMask = 2147483647;
			files = (
				EB1CEC221C84A64100BB27B8 /* UIView.swift in Sources */,
				4CD1C49D1C16FF64008D5F84 /* CGPoint.swift in Sources */,
				EB243F921C889F88006DEF58 /* GallerySwipeToDismissTransition.swift in Sources */,
				4CB66CD91C187F9C002DB91F /* ImageViewerSwipeToDismissTransition.swift in Sources */,
				EBA90E401C8729E2000AA697 /* GalleryPresentTransition.swift in Sources */,
				EB40C3781C9C5C48004EA215 /* ImageProvider.swift in Sources */,
				158A869F1D2EC8CC004EE55E /* ThumbnailsCell.swift in Sources */,
				158A869B1D2E99F4004EE55E /* ThumbnailsViewController.swift in Sources */,
				EB40C37E1C9C5E25004EA215 /* ImageViewerConfiguration.swift in Sources */,
				4CB66CD61C18772B002DB91F /* ImageViewerDismissTransition.swift in Sources */,
				EBEBEF941C84665B008C1E58 /* ImageViewController.swift in Sources */,
				EB1CEC1F1C84A54600BB27B8 /* UtilityFunctions.swift in Sources */,
				C7DABE641C12276800F5BD7B /* CGSize.swift in Sources */,
				EBA0A9541C89C653005B8DD3 /* GalleryConfiguration.swift in Sources */,
				EB243F9B1C899F1C006DEF58 /* GalleryCloseTransition.swift in Sources */,
				EBEBEF961C846847008C1E58 /* GalleryViewController.swift in Sources */,
				EB243F981C8996DF006DEF58 /* ImageViewControllerDelegate.swift in Sources */,
				EBB390041C8C692800CE1F71 /* ImageViewControllerFactory.swift in Sources */,
				EB40C3741C9C5BF1004EA215 /* UIViewController.swift in Sources */,
				C7DABE661C12632F00F5BD7B /* ImageViewerController.swift in Sources */,
				EB6A56D01C85D4F500BBDEF6 /* GalleryViewControllerDatasource.swift in Sources */,
				EB7B7E4E1C8F240D006834F7 /* HeaderFooterLayout.swift in Sources */,
				4CD1C4991C160651008D5F84 /* ImageViewerPresentTransition.swift in Sources */,
				EBA90E441C875225000AA697 /* ImageFadeInHandler.swift in Sources */,
			);
			runOnlyForDeploymentPostprocessing = 0;
		};
		EB1CEC0F1C84A4EE00BB27B8 /* Sources */ = {
			isa = PBXSourcesBuildPhase;
			buildActionMask = 2147483647;
			files = (
				EB1CEC161C84A4EE00BB27B8 /* AspectFitSizeFunctionTest.swift in Sources */,
			);
			runOnlyForDeploymentPostprocessing = 0;
		};
/* End PBXSourcesBuildPhase section */

/* Begin PBXVariantGroup section */
		C7897CE81C1350B7006447FB /* Main.storyboard */ = {
			isa = PBXVariantGroup;
			children = (
				C7897CE91C1350B7006447FB /* Base */,
			);
			name = Main.storyboard;
			sourceTree = "<group>";
		};
		C7897CED1C1350B7006447FB /* LaunchScreen.storyboard */ = {
			isa = PBXVariantGroup;
			children = (
				C7897CEE1C1350B7006447FB /* Base */,
			);
			name = LaunchScreen.storyboard;
			sourceTree = "<group>";
		};
/* End PBXVariantGroup section */

/* Begin XCBuildConfiguration section */
		C7897CF11C1350B7006447FB /* Debug */ = {
			isa = XCBuildConfiguration;
			buildSettings = {
				ASSETCATALOG_COMPILER_APPICON_NAME = AppIcon;
				INFOPLIST_FILE = Example/Info.plist;
				IPHONEOS_DEPLOYMENT_TARGET = 8.4;
				LD_RUNPATH_SEARCH_PATHS = "$(inherited) @executable_path/Frameworks";
				PRODUCT_BUNDLE_IDENTIFIER = mailonline.Example;
				PRODUCT_NAME = "$(TARGET_NAME)";
			};
			name = Debug;
		};
		C7897CF21C1350B7006447FB /* Release */ = {
			isa = XCBuildConfiguration;
			buildSettings = {
				ASSETCATALOG_COMPILER_APPICON_NAME = AppIcon;
				INFOPLIST_FILE = Example/Info.plist;
				IPHONEOS_DEPLOYMENT_TARGET = 8.4;
				LD_RUNPATH_SEARCH_PATHS = "$(inherited) @executable_path/Frameworks";
				PRODUCT_BUNDLE_IDENTIFIER = mailonline.Example;
				PRODUCT_NAME = "$(TARGET_NAME)";
			};
			name = Release;
		};
		C7DABE4E1C12245B00F5BD7B /* Debug */ = {
			isa = XCBuildConfiguration;
			buildSettings = {
				ALWAYS_SEARCH_USER_PATHS = NO;
				CLANG_CXX_LANGUAGE_STANDARD = "gnu++0x";
				CLANG_CXX_LIBRARY = "libc++";
				CLANG_ENABLE_MODULES = YES;
				CLANG_ENABLE_OBJC_ARC = YES;
				CLANG_WARN_BOOL_CONVERSION = YES;
				CLANG_WARN_CONSTANT_CONVERSION = YES;
				CLANG_WARN_DIRECT_OBJC_ISA_USAGE = YES_ERROR;
				CLANG_WARN_EMPTY_BODY = YES;
				CLANG_WARN_ENUM_CONVERSION = YES;
				CLANG_WARN_INT_CONVERSION = YES;
				CLANG_WARN_OBJC_ROOT_CLASS = YES_ERROR;
				CLANG_WARN_UNREACHABLE_CODE = YES;
				CLANG_WARN__DUPLICATE_METHOD_MATCH = YES;
				"CODE_SIGN_IDENTITY[sdk=iphoneos*]" = "iPhone Developer";
				COPY_PHASE_STRIP = NO;
				CURRENT_PROJECT_VERSION = 1;
				DEBUG_INFORMATION_FORMAT = dwarf;
				ENABLE_STRICT_OBJC_MSGSEND = YES;
				ENABLE_TESTABILITY = YES;
				GCC_C_LANGUAGE_STANDARD = gnu99;
				GCC_DYNAMIC_NO_PIC = NO;
				GCC_NO_COMMON_BLOCKS = YES;
				GCC_OPTIMIZATION_LEVEL = 0;
				GCC_PREPROCESSOR_DEFINITIONS = (
					"DEBUG=1",
					"$(inherited)",
				);
				GCC_WARN_64_TO_32_BIT_CONVERSION = YES;
				GCC_WARN_ABOUT_RETURN_TYPE = YES_ERROR;
				GCC_WARN_UNDECLARED_SELECTOR = YES;
				GCC_WARN_UNINITIALIZED_AUTOS = YES_AGGRESSIVE;
				GCC_WARN_UNUSED_FUNCTION = YES;
				GCC_WARN_UNUSED_VARIABLE = YES;
				IPHONEOS_DEPLOYMENT_TARGET = 9.1;
				MTL_ENABLE_DEBUG_INFO = YES;
				ONLY_ACTIVE_ARCH = YES;
				SDKROOT = iphoneos;
				SWIFT_OPTIMIZATION_LEVEL = "-Onone";
				TARGETED_DEVICE_FAMILY = "1,2";
				VERSIONING_SYSTEM = "apple-generic";
				VERSION_INFO_PREFIX = "";
			};
			name = Debug;
		};
		C7DABE4F1C12245B00F5BD7B /* Release */ = {
			isa = XCBuildConfiguration;
			buildSettings = {
				ALWAYS_SEARCH_USER_PATHS = NO;
				CLANG_CXX_LANGUAGE_STANDARD = "gnu++0x";
				CLANG_CXX_LIBRARY = "libc++";
				CLANG_ENABLE_MODULES = YES;
				CLANG_ENABLE_OBJC_ARC = YES;
				CLANG_WARN_BOOL_CONVERSION = YES;
				CLANG_WARN_CONSTANT_CONVERSION = YES;
				CLANG_WARN_DIRECT_OBJC_ISA_USAGE = YES_ERROR;
				CLANG_WARN_EMPTY_BODY = YES;
				CLANG_WARN_ENUM_CONVERSION = YES;
				CLANG_WARN_INT_CONVERSION = YES;
				CLANG_WARN_OBJC_ROOT_CLASS = YES_ERROR;
				CLANG_WARN_UNREACHABLE_CODE = YES;
				CLANG_WARN__DUPLICATE_METHOD_MATCH = YES;
				"CODE_SIGN_IDENTITY[sdk=iphoneos*]" = "iPhone Developer";
				COPY_PHASE_STRIP = NO;
				CURRENT_PROJECT_VERSION = 1;
				DEBUG_INFORMATION_FORMAT = "dwarf-with-dsym";
				ENABLE_NS_ASSERTIONS = NO;
				ENABLE_STRICT_OBJC_MSGSEND = YES;
				GCC_C_LANGUAGE_STANDARD = gnu99;
				GCC_NO_COMMON_BLOCKS = YES;
				GCC_WARN_64_TO_32_BIT_CONVERSION = YES;
				GCC_WARN_ABOUT_RETURN_TYPE = YES_ERROR;
				GCC_WARN_UNDECLARED_SELECTOR = YES;
				GCC_WARN_UNINITIALIZED_AUTOS = YES_AGGRESSIVE;
				GCC_WARN_UNUSED_FUNCTION = YES;
				GCC_WARN_UNUSED_VARIABLE = YES;
				IPHONEOS_DEPLOYMENT_TARGET = 9.1;
				MTL_ENABLE_DEBUG_INFO = NO;
				SDKROOT = iphoneos;
				TARGETED_DEVICE_FAMILY = "1,2";
				VALIDATE_PRODUCT = YES;
				VERSIONING_SYSTEM = "apple-generic";
				VERSION_INFO_PREFIX = "";
			};
			name = Release;
		};
		C7DABE511C12245B00F5BD7B /* Debug */ = {
			isa = XCBuildConfiguration;
			buildSettings = {
				CLANG_ENABLE_MODULES = YES;
				DEFINES_MODULE = YES;
				DYLIB_COMPATIBILITY_VERSION = 1;
				DYLIB_CURRENT_VERSION = 1;
				DYLIB_INSTALL_NAME_BASE = "@rpath";
				INFOPLIST_FILE = "ImageViewer/Supporting Files/Info.plist";
				INSTALL_PATH = "$(LOCAL_LIBRARY_DIR)/Frameworks";
				IPHONEOS_DEPLOYMENT_TARGET = 8.0;
				LD_RUNPATH_SEARCH_PATHS = "$(inherited) @executable_path/Frameworks @loader_path/Frameworks";
				PRODUCT_BUNDLE_IDENTIFIER = mailonline.ImageViewer;
				PRODUCT_NAME = "$(TARGET_NAME)";
				SKIP_INSTALL = YES;
				SWIFT_OPTIMIZATION_LEVEL = "-Onone";
			};
			name = Debug;
		};
		C7DABE521C12245B00F5BD7B /* Release */ = {
			isa = XCBuildConfiguration;
			buildSettings = {
				CLANG_ENABLE_MODULES = YES;
				DEFINES_MODULE = YES;
				DYLIB_COMPATIBILITY_VERSION = 1;
				DYLIB_CURRENT_VERSION = 1;
				DYLIB_INSTALL_NAME_BASE = "@rpath";
				INFOPLIST_FILE = "ImageViewer/Supporting Files/Info.plist";
				INSTALL_PATH = "$(LOCAL_LIBRARY_DIR)/Frameworks";
				IPHONEOS_DEPLOYMENT_TARGET = 8.0;
				LD_RUNPATH_SEARCH_PATHS = "$(inherited) @executable_path/Frameworks @loader_path/Frameworks";
				PRODUCT_BUNDLE_IDENTIFIER = mailonline.ImageViewer;
				PRODUCT_NAME = "$(TARGET_NAME)";
				SKIP_INSTALL = YES;
			};
			name = Release;
		};
		EB1CEC1B1C84A4EE00BB27B8 /* Debug */ = {
			isa = XCBuildConfiguration;
			buildSettings = {
				INFOPLIST_FILE = ImageViewerTests/Info.plist;
				IPHONEOS_DEPLOYMENT_TARGET = 9.2;
				LD_RUNPATH_SEARCH_PATHS = "$(inherited) @executable_path/Frameworks @loader_path/Frameworks";
				PRODUCT_BUNDLE_IDENTIFIER = mailonline.ImageViewerTests;
				PRODUCT_NAME = "$(TARGET_NAME)";
			};
			name = Debug;
		};
		EB1CEC1C1C84A4EE00BB27B8 /* Release */ = {
			isa = XCBuildConfiguration;
			buildSettings = {
				INFOPLIST_FILE = ImageViewerTests/Info.plist;
				IPHONEOS_DEPLOYMENT_TARGET = 9.2;
				LD_RUNPATH_SEARCH_PATHS = "$(inherited) @executable_path/Frameworks @loader_path/Frameworks";
				PRODUCT_BUNDLE_IDENTIFIER = mailonline.ImageViewerTests;
				PRODUCT_NAME = "$(TARGET_NAME)";
			};
			name = Release;
		};
/* End XCBuildConfiguration section */

/* Begin XCConfigurationList section */
		C7897CF31C1350B7006447FB /* Build configuration list for PBXNativeTarget "Example" */ = {
			isa = XCConfigurationList;
			buildConfigurations = (
				C7897CF11C1350B7006447FB /* Debug */,
				C7897CF21C1350B7006447FB /* Release */,
			);
			defaultConfigurationIsVisible = 0;
			defaultConfigurationName = Release;
		};
		C7DABE421C12245B00F5BD7B /* Build configuration list for PBXProject "ImageViewer" */ = {
			isa = XCConfigurationList;
			buildConfigurations = (
				C7DABE4E1C12245B00F5BD7B /* Debug */,
				C7DABE4F1C12245B00F5BD7B /* Release */,
			);
			defaultConfigurationIsVisible = 0;
			defaultConfigurationName = Release;
		};
		C7DABE501C12245B00F5BD7B /* Build configuration list for PBXNativeTarget "ImageViewer" */ = {
			isa = XCConfigurationList;
			buildConfigurations = (
				C7DABE511C12245B00F5BD7B /* Debug */,
				C7DABE521C12245B00F5BD7B /* Release */,
			);
			defaultConfigurationIsVisible = 0;
			defaultConfigurationName = Release;
		};
		EB1CEC1D1C84A4EE00BB27B8 /* Build configuration list for PBXNativeTarget "ImageViewerTests" */ = {
			isa = XCConfigurationList;
			buildConfigurations = (
				EB1CEC1B1C84A4EE00BB27B8 /* Debug */,
				EB1CEC1C1C84A4EE00BB27B8 /* Release */,
			);
			defaultConfigurationIsVisible = 0;
			defaultConfigurationName = Release;
		};
/* End XCConfigurationList section */
	};
	rootObject = C7DABE3F1C12245B00F5BD7B /* Project object */;
}
